// !$*UTF8*$!
{
	archiveVersion = 1;
	classes = {
	};
	objectVersion = 46;
	objects = {

/* Begin PBXBuildFile section */
		119B802C1A7A2804003DF418 /* Media.xcassets in Resources */ = {isa = PBXBuildFile; fileRef = 119B802B1A7A2804003DF418 /* Media.xcassets */; };
		E05A221214A390540046ED32 /* UIKit.framework in Frameworks */ = {isa = PBXBuildFile; fileRef = E05A221114A390540046ED32 /* UIKit.framework */; };
		E05A221414A390540046ED32 /* Foundation.framework in Frameworks */ = {isa = PBXBuildFile; fileRef = E05A221314A390540046ED32 /* Foundation.framework */; };
		E05A221614A390540046ED32 /* CoreGraphics.framework in Frameworks */ = {isa = PBXBuildFile; fileRef = E05A221514A390540046ED32 /* CoreGraphics.framework */; };
		E05A221C14A390540046ED32 /* InfoPlist.strings in Resources */ = {isa = PBXBuildFile; fileRef = E05A221A14A390540046ED32 /* InfoPlist.strings */; };
		E05A221E14A390540046ED32 /* main.m in Sources */ = {isa = PBXBuildFile; fileRef = E05A221D14A390540046ED32 /* main.m */; };
		E05A222214A390540046ED32 /* AppDelegate.m in Sources */ = {isa = PBXBuildFile; fileRef = E05A222114A390540046ED32 /* AppDelegate.m */; };
		E05A222514A390540046ED32 /* ViewController.m in Sources */ = {isa = PBXBuildFile; fileRef = E05A222414A390540046ED32 /* ViewController.m */; };
		E05A222814A390550046ED32 /* ViewController.xib in Resources */ = {isa = PBXBuildFile; fileRef = E05A222614A390550046ED32 /* ViewController.xib */; };
		E05A223214A392D30046ED32 /* Puzzles.m in Sources */ = {isa = PBXBuildFile; fileRef = E05A223114A392D30046ED32 /* Puzzles.m */; };
		E05A223714A3ABAD0046ED32 /* gfx in Resources */ = {isa = PBXBuildFile; fileRef = E05A223614A3ABAD0046ED32 /* gfx */; };
/* End PBXBuildFile section */

/* Begin PBXFileReference section */
		119B802B1A7A2804003DF418 /* Media.xcassets */ = {isa = PBXFileReference; lastKnownFileType = folder.assetcatalog; path = Media.xcassets; sourceTree = "<group>"; };
		E05A220D14A390540046ED32 /* Magical Fairies Puzzle.app */ = {isa = PBXFileReference; explicitFileType = wrapper.application; includeInIndex = 0; path = "Magical Fairies Puzzle.app"; sourceTree = BUILT_PRODUCTS_DIR; };
		E05A221114A390540046ED32 /* UIKit.framework */ = {isa = PBXFileReference; lastKnownFileType = wrapper.framework; name = UIKit.framework; path = System/Library/Frameworks/UIKit.framework; sourceTree = SDKROOT; };
		E05A221314A390540046ED32 /* Foundation.framework */ = {isa = PBXFileReference; lastKnownFileType = wrapper.framework; name = Foundation.framework; path = System/Library/Frameworks/Foundation.framework; sourceTree = SDKROOT; };
		E05A221514A390540046ED32 /* CoreGraphics.framework */ = {isa = PBXFileReference; lastKnownFileType = wrapper.framework; name = CoreGraphics.framework; path = System/Library/Frameworks/CoreGraphics.framework; sourceTree = SDKROOT; };
		E05A221914A390540046ED32 /* Magical Fairies Puzzle-Info.plist */ = {isa = PBXFileReference; lastKnownFileType = text.plist.xml; path = "Magical Fairies Puzzle-Info.plist"; sourceTree = "<group>"; };
		E05A221B14A390540046ED32 /* en */ = {isa = PBXFileReference; lastKnownFileType = text.plist.strings; name = en; path = en.lproj/InfoPlist.strings; sourceTree = "<group>"; };
		E05A221D14A390540046ED32 /* main.m */ = {isa = PBXFileReference; lastKnownFileType = sourcecode.c.objc; path = main.m; sourceTree = "<group>"; };
		E05A221F14A390540046ED32 /* Magical Fairies Puzzle-Prefix.pch */ = {isa = PBXFileReference; lastKnownFileType = sourcecode.c.h; path = "Magical Fairies Puzzle-Prefix.pch"; sourceTree = "<group>"; };
		E05A222014A390540046ED32 /* AppDelegate.h */ = {isa = PBXFileReference; lastKnownFileType = sourcecode.c.h; path = AppDelegate.h; sourceTree = "<group>"; };
		E05A222114A390540046ED32 /* AppDelegate.m */ = {isa = PBXFileReference; lastKnownFileType = sourcecode.c.objc; path = AppDelegate.m; sourceTree = "<group>"; };
		E05A222314A390540046ED32 /* ViewController.h */ = {isa = PBXFileReference; lastKnownFileType = sourcecode.c.h; path = ViewController.h; sourceTree = "<group>"; };
		E05A222414A390540046ED32 /* ViewController.m */ = {isa = PBXFileReference; lastKnownFileType = sourcecode.c.objc; path = ViewController.m; sourceTree = "<group>"; };
		E05A222714A390550046ED32 /* en */ = {isa = PBXFileReference; lastKnownFileType = file.xib; name = en; path = en.lproj/ViewController.xib; sourceTree = "<group>"; };
		E05A223014A392D30046ED32 /* Puzzles.h */ = {isa = PBXFileReference; fileEncoding = 4; lastKnownFileType = sourcecode.c.h; path = Puzzles.h; sourceTree = "<group>"; };
		E05A223114A392D30046ED32 /* Puzzles.m */ = {isa = PBXFileReference; fileEncoding = 4; lastKnownFileType = sourcecode.c.objc; path = Puzzles.m; sourceTree = "<group>"; };
		E05A223614A3ABAD0046ED32 /* gfx */ = {isa = PBXFileReference; lastKnownFileType = folder; path = gfx; sourceTree = "<group>"; };
/* End PBXFileReference section */

/* Begin PBXFrameworksBuildPhase section */
		E05A220A14A390540046ED32 /* Frameworks */ = {
			isa = PBXFrameworksBuildPhase;
			buildActionMask = 2147483647;
			files = (
				E05A221214A390540046ED32 /* UIKit.framework in Frameworks */,
				E05A221414A390540046ED32 /* Foundation.framework in Frameworks */,
				E05A221614A390540046ED32 /* CoreGraphics.framework in Frameworks */,
			);
			runOnlyForDeploymentPostprocessing = 0;
		};
/* End PBXFrameworksBuildPhase section */

/* Begin PBXGroup section */
		E05A220214A390540046ED32 = {
			isa = PBXGroup;
			children = (
				119B802B1A7A2804003DF418 /* Media.xcassets */,
				E05A221714A390540046ED32 /* Puzzle */,
				E05A221014A390540046ED32 /* Frameworks */,
				E05A220E14A390540046ED32 /* Products */,
			);
			sourceTree = "<group>";
		};
		E05A220E14A390540046ED32 /* Products */ = {
			isa = PBXGroup;
			children = (
				E05A220D14A390540046ED32 /* Magical Fairies Puzzle.app */,
			);
			name = Products;
			sourceTree = "<group>";
		};
		E05A221014A390540046ED32 /* Frameworks */ = {
			isa = PBXGroup;
			children = (
				E05A221114A390540046ED32 /* UIKit.framework */,
				E05A221314A390540046ED32 /* Foundation.framework */,
				E05A221514A390540046ED32 /* CoreGraphics.framework */,
			);
			name = Frameworks;
			sourceTree = "<group>";
		};
		E05A221714A390540046ED32 /* Puzzle */ = {
			isa = PBXGroup;
			children = (
				E05A222014A390540046ED32 /* AppDelegate.h */,
				E05A222114A390540046ED32 /* AppDelegate.m */,
				E05A222314A390540046ED32 /* ViewController.h */,
				E05A222414A390540046ED32 /* ViewController.m */,
				E05A223014A392D30046ED32 /* Puzzles.h */,
				E05A223114A392D30046ED32 /* Puzzles.m */,
				E05A222614A390550046ED32 /* ViewController.xib */,
				E05A223614A3ABAD0046ED32 /* gfx */,
				E05A221814A390540046ED32 /* Supporting Files */,
			);
			path = Puzzle;
			sourceTree = "<group>";
		};
		E05A221814A390540046ED32 /* Supporting Files */ = {
			isa = PBXGroup;
			children = (
				E05A221914A390540046ED32 /* Magical Fairies Puzzle-Info.plist */,
				E05A221A14A390540046ED32 /* InfoPlist.strings */,
				E05A221D14A390540046ED32 /* main.m */,
				E05A221F14A390540046ED32 /* Magical Fairies Puzzle-Prefix.pch */,
			);
			name = "Supporting Files";
			sourceTree = "<group>";
		};
/* End PBXGroup section */

/* Begin PBXNativeTarget section */
		E05A220C14A390540046ED32 /* Magical Fairies Puzzle */ = {
			isa = PBXNativeTarget;
			buildConfigurationList = E05A222B14A390550046ED32 /* Build configuration list for PBXNativeTarget "Magical Fairies Puzzle" */;
			buildPhases = (
				E05A220914A390540046ED32 /* Sources */,
				E05A220A14A390540046ED32 /* Frameworks */,
				E05A220B14A390540046ED32 /* Resources */,
			);
			buildRules = (
			);
			dependencies = (
			);
			name = "Magical Fairies Puzzle";
			productName = Puzzle;
			productReference = E05A220D14A390540046ED32 /* Magical Fairies Puzzle.app */;
			productType = "com.apple.product-type.application";
		};
/* End PBXNativeTarget section */

/* Begin PBXProject section */
		E05A220414A390540046ED32 /* Project object */ = {
			isa = PBXProject;
			attributes = {
				LastUpgradeCheck = 0610;
				TargetAttributes = {
					E05A220C14A390540046ED32 = {
						DevelopmentTeam = YL7G7XBHHR;
						ProvisioningStyle = Manual;
					};
				};
			};
			buildConfigurationList = E05A220714A390540046ED32 /* Build configuration list for PBXProject "Magical Fairies Puzzle" */;
			compatibilityVersion = "Xcode 3.2";
			developmentRegion = English;
			hasScannedForEncodings = 0;
			knownRegions = (
				en,
			);
			mainGroup = E05A220214A390540046ED32;
			productRefGroup = E05A220E14A390540046ED32 /* Products */;
			projectDirPath = "";
			projectRoot = "";
			targets = (
				E05A220C14A390540046ED32 /* Magical Fairies Puzzle */,
			);
		};
/* End PBXProject section */

/* Begin PBXResourcesBuildPhase section */
		E05A220B14A390540046ED32 /* Resources */ = {
			isa = PBXResourcesBuildPhase;
			buildActionMask = 2147483647;
			files = (
				E05A221C14A390540046ED32 /* InfoPlist.strings in Resources */,
				E05A222814A390550046ED32 /* ViewController.xib in Resources */,
				119B802C1A7A2804003DF418 /* Media.xcassets in Resources */,
				E05A223714A3ABAD0046ED32 /* gfx in Resources */,
			);
			runOnlyForDeploymentPostprocessing = 0;
		};
/* End PBXResourcesBuildPhase section */

/* Begin PBXSourcesBuildPhase section */
		E05A220914A390540046ED32 /* Sources */ = {
			isa = PBXSourcesBuildPhase;
			buildActionMask = 2147483647;
			files = (
				E05A221E14A390540046ED32 /* main.m in Sources */,
				E05A222214A390540046ED32 /* AppDelegate.m in Sources */,
				E05A222514A390540046ED32 /* ViewController.m in Sources */,
				E05A223214A392D30046ED32 /* Puzzles.m in Sources */,
			);
			runOnlyForDeploymentPostprocessing = 0;
		};
/* End PBXSourcesBuildPhase section */

/* Begin PBXVariantGroup section */
		E05A221A14A390540046ED32 /* InfoPlist.strings */ = {
			isa = PBXVariantGroup;
			children = (
				E05A221B14A390540046ED32 /* en */,
			);
			name = InfoPlist.strings;
			sourceTree = "<group>";
		};
		E05A222614A390550046ED32 /* ViewController.xib */ = {
			isa = PBXVariantGroup;
			children = (
				E05A222714A390550046ED32 /* en */,
			);
			name = ViewController.xib;
			sourceTree = "<group>";
		};
/* End PBXVariantGroup section */

/* Begin XCBuildConfiguration section */
		E05A222914A390550046ED32 /* Debug */ = {
			isa = XCBuildConfiguration;
			buildSettings = {
				ALWAYS_SEARCH_USER_PATHS = NO;
				CLANG_ENABLE_OBJC_ARC = YES;
				CLANG_WARN_BOOL_CONVERSION = YES;
				CLANG_WARN_CONSTANT_CONVERSION = YES;
				CLANG_WARN_EMPTY_BODY = YES;
				CLANG_WARN_ENUM_CONVERSION = YES;
				CLANG_WARN_INT_CONVERSION = YES;
				CLANG_WARN_UNREACHABLE_CODE = YES;
				CLANG_WARN__DUPLICATE_METHOD_MATCH = YES;
				"CODE_SIGN_IDENTITY[sdk=iphoneos*]" = "iPhone Developer";
				COPY_PHASE_STRIP = NO;
				ENABLE_STRICT_OBJC_MSGSEND = YES;
				GCC_C_LANGUAGE_STANDARD = gnu99;
				GCC_DYNAMIC_NO_PIC = NO;
				GCC_OPTIMIZATION_LEVEL = 0;
				GCC_PREPROCESSOR_DEFINITIONS = (
					"DEBUG=1",
					"$(inherited)",
				);
				GCC_SYMBOLS_PRIVATE_EXTERN = NO;
				GCC_VERSION = com.apple.compilers.llvm.clang.1_0;
				GCC_WARN_64_TO_32_BIT_CONVERSION = YES;
				GCC_WARN_ABOUT_MISSING_PROTOTYPES = YES;
				GCC_WARN_ABOUT_RETURN_TYPE = YES;
				GCC_WARN_UNDECLARED_SELECTOR = YES;
				GCC_WARN_UNINITIALIZED_AUTOS = YES;
				GCC_WARN_UNUSED_FUNCTION = YES;
				GCC_WARN_UNUSED_VARIABLE = YES;
				IPHONEOS_DEPLOYMENT_TARGET = 8.1;
				ONLY_ACTIVE_ARCH = YES;
				SDKROOT = iphoneos;
				TARGETED_DEVICE_FAMILY = 2;
			};
			name = Debug;
		};
		E05A222A14A390550046ED32 /* Release */ = {
			isa = XCBuildConfiguration;
			buildSettings = {
				ALWAYS_SEARCH_USER_PATHS = NO;
				CLANG_ENABLE_OBJC_ARC = YES;
				CLANG_WARN_BOOL_CONVERSION = YES;
				CLANG_WARN_CONSTANT_CONVERSION = YES;
				CLANG_WARN_EMPTY_BODY = YES;
				CLANG_WARN_ENUM_CONVERSION = YES;
				CLANG_WARN_INT_CONVERSION = YES;
				CLANG_WARN_UNREACHABLE_CODE = YES;
				CLANG_WARN__DUPLICATE_METHOD_MATCH = YES;
				"CODE_SIGN_IDENTITY[sdk=iphoneos*]" = "iPhone Developer";
				COPY_PHASE_STRIP = YES;
				ENABLE_STRICT_OBJC_MSGSEND = YES;
				GCC_C_LANGUAGE_STANDARD = gnu99;
				GCC_VERSION = com.apple.compilers.llvm.clang.1_0;
				GCC_WARN_64_TO_32_BIT_CONVERSION = YES;
				GCC_WARN_ABOUT_MISSING_PROTOTYPES = YES;
				GCC_WARN_ABOUT_RETURN_TYPE = YES;
				GCC_WARN_UNDECLARED_SELECTOR = YES;
				GCC_WARN_UNINITIALIZED_AUTOS = YES;
				GCC_WARN_UNUSED_FUNCTION = YES;
				GCC_WARN_UNUSED_VARIABLE = YES;
				IPHONEOS_DEPLOYMENT_TARGET = 8.1;
				OTHER_CFLAGS = "-DNS_BLOCK_ASSERTIONS=1";
				SDKROOT = iphoneos;
				TARGETED_DEVICE_FAMILY = 2;
				VALIDATE_PRODUCT = YES;
			};
			name = Release;
		};
		E05A222C14A390550046ED32 /* Debug */ = {
			isa = XCBuildConfiguration;
			buildSettings = {
				ASSETCATALOG_COMPILER_APPICON_NAME = "AppIcon-2";
				ASSETCATALOG_COMPILER_LAUNCHIMAGE_NAME = LaunchImage;
				CODE_SIGN_IDENTITY = "iPhone Distribution";
				CODE_SIGN_STYLE = Manual;
				DEVELOPMENT_TEAM = YL7G7XBHHR;
				GCC_PRECOMPILE_PREFIX_HEADER = YES;
				GCC_PREFIX_HEADER = "Puzzle/Magical Fairies Puzzle-Prefix.pch";
				INFOPLIST_FILE = "Puzzle/Magical Fairies Puzzle-Info.plist";
				IPHONEOS_DEPLOYMENT_TARGET = 10.0;
				PRODUCT_NAME = "Magical Fairies Puzzle";
				PROVISIONING_PROFILE = "05be71f8-e1f3-4476-b0f1-1861d0b57af9";
				PROVISIONING_PROFILE_SPECIFIER = "Magical Fairies Adhoc";
				TARGETED_DEVICE_FAMILY = 2;
				WRAPPER_EXTENSION = app;
			};
			name = Debug;
		};
		E05A222D14A390550046ED32 /* Release */ = {
			isa = XCBuildConfiguration;
			buildSettings = {
				ASSETCATALOG_COMPILER_APPICON_NAME = "AppIcon-2";
				ASSETCATALOG_COMPILER_LAUNCHIMAGE_NAME = LaunchImage;
				CODE_SIGN_IDENTITY = "iPhone Distribution";
				CODE_SIGN_STYLE = Manual;
				DEVELOPMENT_TEAM = YL7G7XBHHR;
				GCC_PRECOMPILE_PREFIX_HEADER = YES;
				GCC_PREFIX_HEADER = "Puzzle/Magical Fairies Puzzle-Prefix.pch";
				INFOPLIST_FILE = "Puzzle/Magical Fairies Puzzle-Info.plist";
				IPHONEOS_DEPLOYMENT_TARGET = 10.0;
				PRODUCT_NAME = "Magical Fairies Puzzle";
				PROVISIONING_PROFILE = "ccb770ee-44d4-4ee8-a37b-d28fc9666f07";
				PROVISIONING_PROFILE_SPECIFIER = "Magical Fairies";
				TARGETED_DEVICE_FAMILY = 2;
				WRAPPER_EXTENSION = app;
			};
			name = Release;
		};
/* End XCBuildConfiguration section */

/* Begin XCConfigurationList section */
		E05A220714A390540046ED32 /* Build configuration list for PBXProject "Magical Fairies Puzzle" */ = {
			isa = XCConfigurationList;
			buildConfigurations = (
				E05A222914A390550046ED32 /* Debug */,
				E05A222A14A390550046ED32 /* Release */,
			);
			defaultConfigurationIsVisible = 0;
			defaultConfigurationName = Release;
		};
		E05A222B14A390550046ED32 /* Build configuration list for PBXNativeTarget "Magical Fairies Puzzle" */ = {
			isa = XCConfigurationList;
			buildConfigurations = (
				E05A222C14A390550046ED32 /* Debug */,
				E05A222D14A390550046ED32 /* Release */,
			);
			defaultConfigurationIsVisible = 0;
			defaultConfigurationName = Release;
		};
/* End XCConfigurationList section */
	};
	rootObject = E05A220414A390540046ED32 /* Project object */;
}
